Microsoft Visual Studio Solution File, Format Version 12.00
# Visual Studio Version 17
VisualStudioVersion = 17.5.2.0
MinimumVisualStudioVersion = 10.0.40219.1
Project("{FAE04EC0-301F-11D3-BF4B-00C04F79EFBC}") = "Spearobrain", "Spearobrain\Spearobrain.csproj", "{1A97F0FB-D8D9-ED64-B649-AC5DC7898A0E}"
EndProject
Global
	GlobalSection(SolutionConfigurationPlatforms) = preSolution
		Debug|Any CPU = Debug|Any CPU
		Release|Any CPU = Release|Any CPU
	EndGlobalSection
	GlobalSection(ProjectConfigurationPlatforms) = postSolution
		{1A97F0FB-D8D9-ED64-B649-AC5DC7898A0E}.Debug|Any CPU.ActiveCfg = Debug|Any CPU
		{1A97F0FB-D8D9-ED64-B649-AC5DC7898A0E}.Debug|Any CPU.Build.0 = Debug|Any CPU
		{1A97F0FB-D8D9-ED64-B649-AC5DC7898A0E}.Release|Any CPU.ActiveCfg = Release|Any CPU
		{1A97F0FB-D8D9-ED64-B649-AC5DC7898A0E}.Release|Any CPU.Build.0 = Release|Any CPU
	EndGlobalSection
	GlobalSection(SolutionProperties) = preSolution
		HideSolutionNode = FALSE
	EndGlobalSection
	GlobalSection(ExtensibilityGlobals) = postSolution
		SolutionGuid = {9BCFB55C-693C-4F54-B6A3-85F8D1769E46}
	EndGlobalSection
EndGlobal
